
Microsoft Visual Studio Solution File, Format Version 12.00
# Visual Studio Version 16
VisualStudioVersion = 16.0.30503.244
MinimumVisualStudioVersion = 10.0.40219.1
Project("{FAE04EC0-301F-11D3-BF4B-00C04F79EFBC}") = "ExpressionCalculator", "ExpressionCalculator\ExpressionCalculator.csproj", "{F8C9B877-3269-498E-A794-C2FF058A8EE6}"
EndProject
Global
	GlobalSection(SolutionConfigurationPlatforms) = preSolution
		Debug|Any CPU = Debug|Any CPU
		Release|Any CPU = Release|Any CPU
	EndGlobalSection
	GlobalSection(ProjectConfigurationPlatforms) = postSolution
		{F8C9B877-3269-498E-A794-C2FF058A8EE6}.Debug|Any CPU.ActiveCfg = Debug|Any CPU
		{F8C9B877-3269-498E-A794-C2FF058A8EE6}.Debug|Any CPU.Build.0 = Debug|Any CPU
		{F8C9B877-3269-498E-A794-C2FF058A8EE6}.Release|Any CPU.ActiveCfg = Release|Any CPU
		{F8C9B877-3269-498E-A794-C2FF058A8EE6}.Release|Any CPU.Build.0 = Release|Any CPU
	EndGlobalSection
	GlobalSection(SolutionProperties) = preSolution
		HideSolutionNode = FALSE
	EndGlobalSection
	GlobalSection(ExtensibilityGlobals) = postSolution
		SolutionGuid = {44F86F65-E21D-4A7F-A080-DBAABB54E4C7}
	EndGlobalSection
EndGlobal
